
Microsoft Visual Studio Solution File, Format Version 12.00
# Visual Studio Version 17
VisualStudioVersion = 17.2.32526.322
MinimumVisualStudioVersion = 10.0.40219.1
Project("{FAE04EC0-301F-11D3-BF4B-00C04F79EFBC}") = "llenadoArgumentoString", "llenadoArgumentoString.csproj", "{01DD9212-FA36-496B-9416-E917D4241E28}"
EndProject
Global
	GlobalSection(SolutionConfigurationPlatforms) = preSolution
		Debug|Any CPU = Debug|Any CPU
		Release|Any CPU = Release|Any CPU
	EndGlobalSection
	GlobalSection(ProjectConfigurationPlatforms) = postSolution
		{01DD9212-FA36-496B-9416-E917D4241E28}.Debug|Any CPU.ActiveCfg = Debug|Any CPU
		{01DD9212-FA36-496B-9416-E917D4241E28}.Debug|Any CPU.Build.0 = Debug|Any CPU
		{01DD9212-FA36-496B-9416-E917D4241E28}.Release|Any CPU.ActiveCfg = Release|Any CPU
		{01DD9212-FA36-496B-9416-E917D4241E28}.Release|Any CPU.Build.0 = Release|Any CPU
	EndGlobalSection
	GlobalSection(SolutionProperties) = preSolution
		HideSolutionNode = FALSE
	EndGlobalSection
	GlobalSection(ExtensibilityGlobals) = postSolution
		SolutionGuid = {CF60D241-BCA2-4A8B-8FDB-EB4CBE1C6857}
	EndGlobalSection
EndGlobal
